{
  "nodes": {
    "emacs-overlay": {
      "inputs": {
        "nixpkgs": [
          "nixpkgs"
        ],
        "nixpkgs-stable": "nixpkgs-stable"
      },
      "locked": {
        "lastModified": 1739326040,
        "narHash": "sha256-4y1SkHV198ONtFRos10y75rSO+ZXxMuIdHadCVXRoYc=",
        "owner": "nix-community",
        "repo": "emacs-overlay",
        "rev": "80ccdb81a7e20a618aa9be869e90cb083925459f",
        "type": "github"
      },
      "original": {
        "owner": "nix-community",
        "repo": "emacs-overlay",
        "type": "github"
      }
    },
    "home-manager": {
      "inputs": {
        "nixpkgs": [
          "nixpkgs"
        ]
      },
      "locked": {
        "lastModified": 1739314552,
        "narHash": "sha256-ggVf2BclyIW3jexc/uvgsgJH4e2cuG6Nyg54NeXgbFI=",
        "owner": "nix-community",
        "repo": "home-manager",
        "rev": "83bd3a26ac0526ae04fa74df46738bb44b89dcdd",
        "type": "github"
      },
      "original": {
        "owner": "nix-community",
        "repo": "home-manager",
        "type": "github"
      }
    },
    "nixpkgs": {
      "locked": {
        "lastModified": 1739214665,
        "narHash": "sha256-26L8VAu3/1YRxS8MHgBOyOM8xALdo6N0I04PgorE7UM=",
        "owner": "nixos",
        "repo": "nixpkgs",
        "rev": "64e75cd44acf21c7933d61d7721e812eac1b5a0a",
        "type": "github"
      },
      "original": {
        "owner": "nixos",
        "ref": "nixos-unstable",
        "repo": "nixpkgs",
        "type": "github"
      }
    },
    "nixpkgs-stable": {
      "locked": {
        "lastModified": 1739206421,
        "narHash": "sha256-PwQASeL2cGVmrtQYlrBur0U20Xy07uSWVnFup2PHnDs=",
        "owner": "NixOS",
        "repo": "nixpkgs",
        "rev": "44534bc021b85c8d78e465021e21f33b856e2540",
        "type": "github"
      },
      "original": {
        "owner": "NixOS",
        "ref": "nixos-24.11",
        "repo": "nixpkgs",
        "type": "github"
      }
    },
    "root": {
      "inputs": {
        "emacs-overlay": "emacs-overlay",
        "home-manager": "home-manager",
        "nixpkgs": "nixpkgs"
      }
    }
  },
  "root": "root",
  "version": 7
}
